
Microsoft Visual Studio Solution File, Format Version 12.00
# Visual Studio Version 16
VisualStudioVersion = 16.0.32228.343
MinimumVisualStudioVersion = 10.0.40219.1
Project("{9A19103F-16F7-4668-BE54-9A1E7A4F7556}") = "RecipeApp", "RecipeApp\RecipeApp.csproj", "{EFA13474-8889-4A34-B6A4-D964FCB195E9}"
EndProject
Project("{9A19103F-16F7-4668-BE54-9A1E7A4F7556}") = "RecipesTest", "RecipesTest\RecipesTest.csproj", "{6798254D-6BA2-4EC3-BB0D-5702EFD6D7FA}"
EndProject
Project("{9A19103F-16F7-4668-BE54-9A1E7A4F7556}") = "Testing-Library", "Testing-Library\Testing-Library.csproj", "{A6FF4B14-6C6B-435B-97DC-BAA60B1AE79F}"
EndProject
Global
	GlobalSection(SolutionConfigurationPlatforms) = preSolution
		Debug|Any CPU = Debug|Any CPU
		Release|Any CPU = Release|Any CPU
	EndGlobalSection
	GlobalSection(ProjectConfigurationPlatforms) = postSolution
		{EFA13474-8889-4A34-B6A4-D964FCB195E9}.Debug|Any CPU.ActiveCfg = Debug|Any CPU
		{EFA13474-8889-4A34-B6A4-D964FCB195E9}.Debug|Any CPU.Build.0 = Debug|Any CPU
		{EFA13474-8889-4A34-B6A4-D964FCB195E9}.Release|Any CPU.ActiveCfg = Release|Any CPU
		{EFA13474-8889-4A34-B6A4-D964FCB195E9}.Release|Any CPU.Build.0 = Release|Any CPU
		{6798254D-6BA2-4EC3-BB0D-5702EFD6D7FA}.Debug|Any CPU.ActiveCfg = Debug|Any CPU
		{6798254D-6BA2-4EC3-BB0D-5702EFD6D7FA}.Debug|Any CPU.Build.0 = Debug|Any CPU
		{6798254D-6BA2-4EC3-BB0D-5702EFD6D7FA}.Release|Any CPU.ActiveCfg = Release|Any CPU
		{6798254D-6BA2-4EC3-BB0D-5702EFD6D7FA}.Release|Any CPU.Build.0 = Release|Any CPU
		{A6FF4B14-6C6B-435B-97DC-BAA60B1AE79F}.Debug|Any CPU.ActiveCfg = Debug|Any CPU
		{A6FF4B14-6C6B-435B-97DC-BAA60B1AE79F}.Debug|Any CPU.Build.0 = Debug|Any CPU
		{A6FF4B14-6C6B-435B-97DC-BAA60B1AE79F}.Release|Any CPU.ActiveCfg = Release|Any CPU
		{A6FF4B14-6C6B-435B-97DC-BAA60B1AE79F}.Release|Any CPU.Build.0 = Release|Any CPU
	EndGlobalSection
	GlobalSection(SolutionProperties) = preSolution
		HideSolutionNode = FALSE
	EndGlobalSection
	GlobalSection(ExtensibilityGlobals) = postSolution
		SolutionGuid = {434FCE8C-A62A-4580-920E-4DBA542253EA}
	EndGlobalSection
EndGlobal
